
Microsoft Visual Studio Solution File, Format Version 12.00
# Visual Studio Version 17
VisualStudioVersion = 17.12.35728.132
MinimumVisualStudioVersion = 10.0.40219.1
Project("{2150E333-8FDC-42A3-9474-1A3956D46DE8}") = "Sources", "Sources", "{A1DA1A07-79B8-4131-BABD-D8546EE177C6}"
EndProject
Project("{2150E333-8FDC-42A3-9474-1A3956D46DE8}") = "Application", "Application", "{540E6F3D-C8B2-46E4-801A-63749984E599}"
EndProject
Project("{2150E333-8FDC-42A3-9474-1A3956D46DE8}") = "Core", "Core", "{80B47989-FBE4-4E10-BA2F-64384CAC5FD9}"
EndProject
Project("{FAE04EC0-301F-11D3-BF4B-00C04F79EFBC}") = "Core.Entities", "Sources\Core\Core.Entities\Core.Entities.csproj", "{3D03FDD1-579B-40F3-AF17-4F4E77E3113B}"
EndProject
Project("{FAE04EC0-301F-11D3-BF4B-00C04F79EFBC}") = "Application.Main", "Sources\Application\Application.Main\Application.Main.csproj", "{4AE33060-38DF-428A-8DA8-57C452B248BF}"
	ProjectSection(ProjectDependencies) = postProject
		{3D03FDD1-579B-40F3-AF17-4F4E77E3113B} = {3D03FDD1-579B-40F3-AF17-4F4E77E3113B}
	EndProjectSection
EndProject
Global
	GlobalSection(SolutionConfigurationPlatforms) = preSolution
		Debug|Any CPU = Debug|Any CPU
		Release|Any CPU = Release|Any CPU
	EndGlobalSection
	GlobalSection(ProjectConfigurationPlatforms) = postSolution
		{3D03FDD1-579B-40F3-AF17-4F4E77E3113B}.Debug|Any CPU.ActiveCfg = Debug|Any CPU
		{3D03FDD1-579B-40F3-AF17-4F4E77E3113B}.Debug|Any CPU.Build.0 = Debug|Any CPU
		{3D03FDD1-579B-40F3-AF17-4F4E77E3113B}.Release|Any CPU.ActiveCfg = Release|Any CPU
		{3D03FDD1-579B-40F3-AF17-4F4E77E3113B}.Release|Any CPU.Build.0 = Release|Any CPU
		{4AE33060-38DF-428A-8DA8-57C452B248BF}.Debug|Any CPU.ActiveCfg = Debug|Any CPU
		{4AE33060-38DF-428A-8DA8-57C452B248BF}.Debug|Any CPU.Build.0 = Debug|Any CPU
		{4AE33060-38DF-428A-8DA8-57C452B248BF}.Release|Any CPU.ActiveCfg = Release|Any CPU
		{4AE33060-38DF-428A-8DA8-57C452B248BF}.Release|Any CPU.Build.0 = Release|Any CPU
	EndGlobalSection
	GlobalSection(SolutionProperties) = preSolution
		HideSolutionNode = FALSE
	EndGlobalSection
	GlobalSection(NestedProjects) = preSolution
		{540E6F3D-C8B2-46E4-801A-63749984E599} = {A1DA1A07-79B8-4131-BABD-D8546EE177C6}
		{80B47989-FBE4-4E10-BA2F-64384CAC5FD9} = {A1DA1A07-79B8-4131-BABD-D8546EE177C6}
		{3D03FDD1-579B-40F3-AF17-4F4E77E3113B} = {80B47989-FBE4-4E10-BA2F-64384CAC5FD9}
		{4AE33060-38DF-428A-8DA8-57C452B248BF} = {540E6F3D-C8B2-46E4-801A-63749984E599}
	EndGlobalSection
	GlobalSection(ExtensibilityGlobals) = postSolution
		SolutionGuid = {79D5353F-BE3C-4587-BD0E-259617D3F342}
	EndGlobalSection
EndGlobal
